
Microsoft Visual Studio Solution File, Format Version 12.00
# Visual Studio Version 17
VisualStudioVersion = 17.11.35222.181
MinimumVisualStudioVersion = 10.0.40219.1
Project("{FAE04EC0-301F-11D3-BF4B-00C04F79EFBC}") = "LiveDoctorMed", "LiveDoctorMed\LiveDoctorMed.csproj", "{2E0FC38E-8852-4713-9536-5847C0F555F3}"
EndProject
Global
	GlobalSection(SolutionConfigurationPlatforms) = preSolution
		Debug|Any CPU = Debug|Any CPU
		Release|Any CPU = Release|Any CPU
	EndGlobalSection
	GlobalSection(ProjectConfigurationPlatforms) = postSolution
		{2E0FC38E-8852-4713-9536-5847C0F555F3}.Debug|Any CPU.ActiveCfg = Debug|Any CPU
		{2E0FC38E-8852-4713-9536-5847C0F555F3}.Debug|Any CPU.Build.0 = Debug|Any CPU
		{2E0FC38E-8852-4713-9536-5847C0F555F3}.Release|Any CPU.ActiveCfg = Release|Any CPU
		{2E0FC38E-8852-4713-9536-5847C0F555F3}.Release|Any CPU.Build.0 = Release|Any CPU
	EndGlobalSection
	GlobalSection(SolutionProperties) = preSolution
		HideSolutionNode = FALSE
	EndGlobalSection
	GlobalSection(ExtensibilityGlobals) = postSolution
		SolutionGuid = {FFD49C99-044F-4713-A8B1-ECCB80783097}
	EndGlobalSection
EndGlobal
